Microsoft Visual Studio Solution File, Format Version 12.00
# Visual Studio 2012
Project("{FAE04EC0-301F-11D3-BF4B-00C04F79EFBC}") = "TestAnim", "TestAnim.csproj", "{F12B2827-0BBB-4530-95FD-6F28A0EB1BDE}"
EndProject
Global
	GlobalSection(SolutionConfigurationPlatforms) = preSolution
	Debug|Any CPU = Debug|Any CPU
	ExportDebug|Any CPU = ExportDebug|Any CPU
	ExportRelease|Any CPU = ExportRelease|Any CPU
	EndGlobalSection
	GlobalSection(ProjectConfigurationPlatforms) = postSolution
		{F12B2827-0BBB-4530-95FD-6F28A0EB1BDE}.Debug|Any CPU.ActiveCfg = Debug|Any CPU
		{F12B2827-0BBB-4530-95FD-6F28A0EB1BDE}.Debug|Any CPU.Build.0 = Debug|Any CPU
		{F12B2827-0BBB-4530-95FD-6F28A0EB1BDE}.ExportDebug|Any CPU.ActiveCfg = ExportDebug|Any CPU
		{F12B2827-0BBB-4530-95FD-6F28A0EB1BDE}.ExportDebug|Any CPU.Build.0 = ExportDebug|Any CPU
		{F12B2827-0BBB-4530-95FD-6F28A0EB1BDE}.ExportRelease|Any CPU.ActiveCfg = ExportRelease|Any CPU
		{F12B2827-0BBB-4530-95FD-6F28A0EB1BDE}.ExportRelease|Any CPU.Build.0 = ExportRelease|Any CPU
	EndGlobalSection
EndGlobal
